
Microsoft Visual Studio Solution File, Format Version 12.00
# Visual Studio Version 17
VisualStudioVersion = 17.14.37012.4 d17.14
MinimumVisualStudioVersion = 10.0.40219.1
Project("{FAE04EC0-301F-11D3-BF4B-00C04F79EFBC}") = "AiAgileTeam", "AiAgileTeam.csproj", "{736A6501-4DCF-4D9E-A85A-3C48D6AFA9CB}"
EndProject
Global
	GlobalSection(SolutionConfigurationPlatforms) = preSolution
		Debug|Any CPU = Debug|Any CPU
		Release|Any CPU = Release|Any CPU
	EndGlobalSection
	GlobalSection(ProjectConfigurationPlatforms) = postSolution
		{736A6501-4DCF-4D9E-A85A-3C48D6AFA9CB}.Debug|Any CPU.ActiveCfg = Debug|Any CPU
		{736A6501-4DCF-4D9E-A85A-3C48D6AFA9CB}.Debug|Any CPU.Build.0 = Debug|Any CPU
		{736A6501-4DCF-4D9E-A85A-3C48D6AFA9CB}.Release|Any CPU.ActiveCfg = Release|Any CPU
		{736A6501-4DCF-4D9E-A85A-3C48D6AFA9CB}.Release|Any CPU.Build.0 = Release|Any CPU
	EndGlobalSection
	GlobalSection(SolutionProperties) = preSolution
		HideSolutionNode = FALSE
	EndGlobalSection
	GlobalSection(ExtensibilityGlobals) = postSolution
		SolutionGuid = {E0901517-AE27-4641-8DD0-7A7FFE41C8E3}
	EndGlobalSection
EndGlobal
